// !$*UTF8*$!
{
	archiveVersion = 1;
	classes = {
	};
	objectVersion = 46;
	objects = {

/* Begin PBXBuildFile section */
		462C45DA14F87B0600CDC670 /* UIKit.framework in Frameworks */ = {isa = PBXBuildFile; fileRef = 462C45D914F87B0600CDC670 /* UIKit.framework */; };
		462C45DC14F87B0600CDC670 /* Foundation.framework in Frameworks */ = {isa = PBXBuildFile; fileRef = 462C45DB14F87B0600CDC670 /* Foundation.framework */; };
		462C45DE14F87B0600CDC670 /* CoreGraphics.framework in Frameworks */ = {isa = PBXBuildFile; fileRef = 462C45DD14F87B0600CDC670 /* CoreGraphics.framework */; };
		462C45E414F87B0600CDC670 /* InfoPlist.strings in Resources */ = {isa = PBXBuildFile; fileRef = 462C45E214F87B0600CDC670 /* InfoPlist.strings */; };
		462C45E614F87B0600CDC670 /* main.m in Sources */ = {isa = PBXBuildFile; fileRef = 462C45E514F87B0600CDC670 /* main.m */; };
		462C45EA14F87B0600CDC670 /* AppDelegate.m in Sources */ = {isa = PBXBuildFile; fileRef = 462C45E914F87B0600CDC670 /* AppDelegate.m */; };
		462C45ED14F87B0700CDC670 /* MainStoryboard.storyboard in Resources */ = {isa = PBXBuildFile; fileRef = 462C45EB14F87B0600CDC670 /* MainStoryboard.storyboard */; };
		462C45F014F87B0700CDC670 /* ViewController.m in Sources */ = {isa = PBXBuildFile; fileRef = 462C45EF14F87B0700CDC670 /* ViewController.m */; };
/* End PBXBuildFile section */

/* Begin PBXFileReference section */
		462C45D514F87B0600CDC670 /* iLabRibbonCutting.app */ = {isa = PBXFileReference; explicitFileType = wrapper.application; includeInIndex = 0; path = iLabRibbonCutting.app; sourceTree = BUILT_PRODUCTS_DIR; };
		462C45D914F87B0600CDC670 /* UIKit.framework */ = {isa = PBXFileReference; lastKnownFileType = wrapper.framework; name = UIKit.framework; path = System/Library/Frameworks/UIKit.framework; sourceTree = SDKROOT; };
		462C45DB14F87B0600CDC670 /* Foundation.framework */ = {isa = PBXFileReference; lastKnownFileType = wrapper.framework; name = Foundation.framework; path = System/Library/Frameworks/Foundation.framework; sourceTree = SDKROOT; };
		462C45DD14F87B0600CDC670 /* CoreGraphics.framework */ = {isa = PBXFileReference; lastKnownFileType = wrapper.framework; name = CoreGraphics.framework; path = System/Library/Frameworks/CoreGraphics.framework; sourceTree = SDKROOT; };
		462C45E114F87B0600CDC670 /* iLabRibbonCutting-Info.plist */ = {isa = PBXFileReference; path = "iLabRibbonCutting-Info.plist"; sourceTree = "<group>"; };
		462C45E314F87B0600CDC670 /* en */ = {isa = PBXFileReference; lastKnownFileType = text.plist.strings; name = en; path = en.lproj/InfoPlist.strings; sourceTree = "<group>"; };
		462C45E514F87B0600CDC670 /* main.m */ = {isa = PBXFileReference; lastKnownFileType = sourcecode.c.objc; path = main.m; sourceTree = "<group>"; };
		462C45E714F87B0600CDC670 /* iLabRibbonCutting-Prefix.pch */ = {isa = PBXFileReference; path = "iLabRibbonCutting-Prefix.pch"; sourceTree = "<group>"; };
		462C45E814F87B0600CDC670 /* AppDelegate.h */ = {isa = PBXFileReference; path = AppDelegate.h; sourceTree = "<group>"; };
		462C45E914F87B0600CDC670 /* AppDelegate.m */ = {isa = PBXFileReference; lastKnownFileType = sourcecode.c.objc; path = AppDelegate.m; sourceTree = "<group>"; };
		462C45EC14F87B0600CDC670 /* en */ = {isa = PBXFileReference; lastKnownFileType = file.storyboard; name = en; path = en.lproj/MainStoryboard.storyboard; sourceTree = "<group>"; };
		462C45EE14F87B0700CDC670 /* ViewController.h */ = {isa = PBXFileReference; path = ViewController.h; sourceTree = "<group>"; };
		462C45EF14F87B0700CDC670 /* ViewController.m */ = {isa = PBXFileReference; lastKnownFileType = sourcecode.c.objc; path = ViewController.m; sourceTree = "<group>"; };
/* End PBXFileReference section */

/* Begin PBXFrameworksBuildPhase section */
		462C45D214F87B0600CDC670 /* Frameworks */ = {
			isa = PBXFrameworksBuildPhase;
			buildActionMask = 2147483647;
			files = (
				462C45DA14F87B0600CDC670 /* UIKit.framework in Frameworks */,
				462C45DC14F87B0600CDC670 /* Foundation.framework in Frameworks */,
				462C45DE14F87B0600CDC670 /* CoreGraphics.framework in Frameworks */,
			);
			runOnlyForDeploymentPostprocessing = 0;
		};
/* End PBXFrameworksBuildPhase section */

/* Begin PBXGroup section */
		462C45CA14F87B0600CDC670 = {
			isa = PBXGroup;
			children = (
				462C45DF14F87B0600CDC670 /* iLabRibbonCutting */,
				462C45D814F87B0600CDC670 /* Frameworks */,
				462C45D614F87B0600CDC670 /* Products */,
			);
			sourceTree = "<group>";
		};
		462C45D614F87B0600CDC670 /* Products */ = {
			isa = PBXGroup;
			children = (
				462C45D514F87B0600CDC670 /* iLabRibbonCutting.app */,
			);
			name = Products;
			sourceTree = "<group>";
		};
		462C45D814F87B0600CDC670 /* Frameworks */ = {
			isa = PBXGroup;
			children = (
				462C45D914F87B0600CDC670 /* UIKit.framework */,
				462C45DB14F87B0600CDC670 /* Foundation.framework */,
				462C45DD14F87B0600CDC670 /* CoreGraphics.framework */,
			);
			name = Frameworks;
			sourceTree = "<group>";
		};
		462C45DF14F87B0600CDC670 /* iLabRibbonCutting */ = {
			isa = PBXGroup;
			children = (
				462C45E814F87B0600CDC670 /* AppDelegate.h */,
				462C45E914F87B0600CDC670 /* AppDelegate.m */,
				462C45EB14F87B0600CDC670 /* MainStoryboard.storyboard */,
				462C45EE14F87B0700CDC670 /* ViewController.h */,
				462C45EF14F87B0700CDC670 /* ViewController.m */,
				462C45E014F87B0600CDC670 /* Supporting Files */,
			);
			path = iLabRibbonCutting;
			sourceTree = "<group>";
		};
		462C45E014F87B0600CDC670 /* Supporting Files */ = {
			isa = PBXGroup;
			children = (
				462C45E114F87B0600CDC670 /* iLabRibbonCutting-Info.plist */,
				462C45E214F87B0600CDC670 /* InfoPlist.strings */,
				462C45E514F87B0600CDC670 /* main.m */,
				462C45E714F87B0600CDC670 /* iLabRibbonCutting-Prefix.pch */,
			);
			name = "Supporting Files";
			sourceTree = "<group>";
		};
/* End PBXGroup section */

/* Begin PBXNativeTarget section */
		462C45D414F87B0600CDC670 /* iLabRibbonCutting */ = {
			isa = PBXNativeTarget;
			buildConfigurationList = 462C45F314F87B0700CDC670 /* Build configuration list for PBXNativeTarget "iLabRibbonCutting" */;
			buildPhases = (
				462C45D114F87B0600CDC670 /* Sources */,
				462C45D214F87B0600CDC670 /* Frameworks */,
				462C45D314F87B0600CDC670 /* Resources */,
			);
			buildRules = (
			);
			dependencies = (
			);
			name = iLabRibbonCutting;
			productName = iLabRibbonCutting;
			productReference = 462C45D514F87B0600CDC670 /* iLabRibbonCutting.app */;
			productType = "com.apple.product-type.application";
		};
/* End PBXNativeTarget section */

/* Begin PBXProject section */
		462C45CC14F87B0600CDC670 /* Project object */ = {
			isa = PBXProject;
			attributes = {
				LastUpgradeCheck = 0420;
			};
			buildConfigurationList = 462C45CF14F87B0600CDC670 /* Build configuration list for PBXProject "iLabRibbonCutting" */;
			compatibilityVersion = "Xcode 3.2";
			developmentRegion = English;
			hasScannedForEncodings = 0;
			knownRegions = (
				en,
			);
			mainGroup = 462C45CA14F87B0600CDC670;
			productRefGroup = 462C45D614F87B0600CDC670 /* Products */;
			projectDirPath = "";
			projectRoot = "";
			targets = (
				462C45D414F87B0600CDC670 /* iLabRibbonCutting */,
			);
		};
/* End PBXProject section */

/* Begin PBXResourcesBuildPhase section */
		462C45D314F87B0600CDC670 /* Resources */ = {
			isa = PBXResourcesBuildPhase;
			buildActionMask = 2147483647;
			files = (
				462C45E414F87B0600CDC670 /* InfoPlist.strings in Resources */,
				462C45ED14F87B0700CDC670 /* MainStoryboard.storyboard in Resources */,
			);
			runOnlyForDeploymentPostprocessing = 0;
		};
/* End PBXResourcesBuildPhase section */

/* Begin PBXSourcesBuildPhase section */
		462C45D114F87B0600CDC670 /* Sources */ = {
			isa = PBXSourcesBuildPhase;
			buildActionMask = 2147483647;
			files = (
				462C45E614F87B0600CDC670 /* main.m in Sources */,
				462C45EA14F87B0600CDC670 /* AppDelegate.m in Sources */,
				462C45F014F87B0700CDC670 /* ViewController.m in Sources */,
			);
			runOnlyForDeploymentPostprocessing = 0;
		};
/* End PBXSourcesBuildPhase section */

/* Begin PBXVariantGroup section */
		462C45E214F87B0600CDC670 /* InfoPlist.strings */ = {
			isa = PBXVariantGroup;
			children = (
				462C45E314F87B0600CDC670 /* en */,
			);
			name = InfoPlist.strings;
			sourceTree = "<group>";
		};
		462C45EB14F87B0600CDC670 /* MainStoryboard.storyboard */ = {
			isa = PBXVariantGroup;
			children = (
				462C45EC14F87B0600CDC670 /* en */,
			);
			name = MainStoryboard.storyboard;
			sourceTree = "<group>";
		};
/* End PBXVariantGroup section */

/* Begin XCBuildConfiguration section */
		462C45F114F87B0700CDC670 /* Debug */ = {
			isa = XCBuildConfiguration;
			buildSettings = {
				ALWAYS_SEARCH_USER_PATHS = NO;
				ARCHS = "$(ARCHS_STANDARD_32_BIT)";
				CLANG_ENABLE_OBJC_ARC = YES;
				"CODE_SIGN_IDENTITY[sdk=iphoneos*]" = "iPhone Developer";
				COPY_PHASE_STRIP = NO;
				GCC_C_LANGUAGE_STANDARD = gnu99;
				GCC_DYNAMIC_NO_PIC = NO;
				GCC_OPTIMIZATION_LEVEL = 0;
				GCC_PREPROCESSOR_DEFINITIONS = (
					"DEBUG=1",
					"$(inherited)",
				);
				GCC_SYMBOLS_PRIVATE_EXTERN = NO;
				GCC_VERSION = com.apple.compilers.llvm.clang.1_0;
				GCC_WARN_ABOUT_MISSING_PROTOTYPES = YES;
				GCC_WARN_ABOUT_RETURN_TYPE = YES;
				GCC_WARN_UNUSED_VARIABLE = YES;
				IPHONEOS_DEPLOYMENT_TARGET = 5.0;
				SDKROOT = iphoneos;
				TARGETED_DEVICE_FAMILY = 2;
			};
			name = Debug;
		};
		462C45F214F87B0700CDC670 /* Release */ = {
			isa = XCBuildConfiguration;
			buildSettings = {
				ALWAYS_SEARCH_USER_PATHS = NO;
				ARCHS = "$(ARCHS_STANDARD_32_BIT)";
				CLANG_ENABLE_OBJC_ARC = YES;
				"CODE_SIGN_IDENTITY[sdk=iphoneos*]" = "iPhone Developer";
				COPY_PHASE_STRIP = YES;
				GCC_C_LANGUAGE_STANDARD = gnu99;
				GCC_VERSION = com.apple.compilers.llvm.clang.1_0;
				GCC_WARN_ABOUT_MISSING_PROTOTYPES = YES;
				GCC_WARN_ABOUT_RETURN_TYPE = YES;
				GCC_WARN_UNUSED_VARIABLE = YES;
				IPHONEOS_DEPLOYMENT_TARGET = 5.0;
				OTHER_CFLAGS = "-DNS_BLOCK_ASSERTIONS=1";
				SDKROOT = iphoneos;
				TARGETED_DEVICE_FAMILY = 2;
				VALIDATE_PRODUCT = YES;
			};
			name = Release;
		};
		462C45F414F87B0700CDC670 /* Debug */ = {
			isa = XCBuildConfiguration;
			buildSettings = {
				GCC_PRECOMPILE_PREFIX_HEADER = YES;
				GCC_PREFIX_HEADER = "iLabRibbonCutting/iLabRibbonCutting-Prefix.pch";
				INFOPLIST_FILE = "iLabRibbonCutting/iLabRibbonCutting-Info.plist";
				PRODUCT_NAME = "$(TARGET_NAME)";
				WRAPPER_EXTENSION = app;
			};
			name = Debug;
		};
		462C45F514F87B0700CDC670 /* Release */ = {
			isa = XCBuildConfiguration;
			buildSettings = {
				GCC_PRECOMPILE_PREFIX_HEADER = YES;
				GCC_PREFIX_HEADER = "iLabRibbonCutting/iLabRibbonCutting-Prefix.pch";
				INFOPLIST_FILE = "iLabRibbonCutting/iLabRibbonCutting-Info.plist";
				PRODUCT_NAME = "$(TARGET_NAME)";
				WRAPPER_EXTENSION = app;
			};
			name = Release;
		};
/* End XCBuildConfiguration section */

/* Begin XCConfigurationList section */
		462C45CF14F87B0600CDC670 /* Build configuration list for PBXProject "iLabRibbonCutting" */ = {
			isa = XCConfigurationList;
			buildConfigurations = (
				462C45F114F87B0700CDC670 /* Debug */,
				462C45F214F87B0700CDC670 /* Release */,
			);
			defaultConfigurationIsVisible = 0;
			defaultConfigurationName = Release;
		};
		462C45F314F87B0700CDC670 /* Build configuration list for PBXNativeTarget "iLabRibbonCutting" */ = {
			isa = XCConfigurationList;
			buildConfigurations = (
				462C45F414F87B0700CDC670 /* Debug */,
				462C45F514F87B0700CDC670 /* Release */,
			);
			defaultConfigurationIsVisible = 0;
		};
/* End XCConfigurationList section */
	};
	rootObject = 462C45CC14F87B0600CDC670 /* Project object */;
}
